
Microsoft Visual Studio Solution File, Format Version 12.00
# Visual Studio Version 17
VisualStudioVersion = 17.10.35122.118
MinimumVisualStudioVersion = 10.0.40219.1
Project("{9A19103F-16F7-4668-BE54-9A1E7A4F7556}") = "OnPaper", "OnPaper\OnPaper\OnPaper.csproj", "{424FE6E1-E2C9-4903-9679-63ACBEFD046B}"
EndProject
Project("{9A19103F-16F7-4668-BE54-9A1E7A4F7556}") = "OnPaper.Client", "OnPaper\OnPaper.Client\OnPaper.Client.csproj", "{296BF8C8-FA65-4A31-9CD3-DD4FA0F0805B}"
EndProject
Project("{FAE04EC0-301F-11D3-BF4B-00C04F79EFBC}") = "OnPaper.AppHost", "OnPaper.AppHost\OnPaper.AppHost.csproj", "{DA23DCE5-5A65-44AF-ACF7-F46B10D7CA0D}"
EndProject
Project("{9A19103F-16F7-4668-BE54-9A1E7A4F7556}") = "OnPaper.ServiceDefaults", "OnPaper.ServiceDefaults\OnPaper.ServiceDefaults.csproj", "{4B5D93F6-83CF-4359-A17D-8B8C2ECDB491}"
EndProject
Global
	GlobalSection(SolutionConfigurationPlatforms) = preSolution
		Debug|Any CPU = Debug|Any CPU
		Release|Any CPU = Release|Any CPU
	EndGlobalSection
	GlobalSection(ProjectConfigurationPlatforms) = postSolution
		{424FE6E1-E2C9-4903-9679-63ACBEFD046B}.Debug|Any CPU.ActiveCfg = Debug|Any CPU
		{424FE6E1-E2C9-4903-9679-63ACBEFD046B}.Debug|Any CPU.Build.0 = Debug|Any CPU
		{424FE6E1-E2C9-4903-9679-63ACBEFD046B}.Release|Any CPU.ActiveCfg = Release|Any CPU
		{424FE6E1-E2C9-4903-9679-63ACBEFD046B}.Release|Any CPU.Build.0 = Release|Any CPU
		{296BF8C8-FA65-4A31-9CD3-DD4FA0F0805B}.Debug|Any CPU.ActiveCfg = Debug|Any CPU
		{296BF8C8-FA65-4A31-9CD3-DD4FA0F0805B}.Debug|Any CPU.Build.0 = Debug|Any CPU
		{296BF8C8-FA65-4A31-9CD3-DD4FA0F0805B}.Release|Any CPU.ActiveCfg = Release|Any CPU
		{296BF8C8-FA65-4A31-9CD3-DD4FA0F0805B}.Release|Any CPU.Build.0 = Release|Any CPU
		{DA23DCE5-5A65-44AF-ACF7-F46B10D7CA0D}.Debug|Any CPU.ActiveCfg = Debug|Any CPU
		{DA23DCE5-5A65-44AF-ACF7-F46B10D7CA0D}.Debug|Any CPU.Build.0 = Debug|Any CPU
		{DA23DCE5-5A65-44AF-ACF7-F46B10D7CA0D}.Release|Any CPU.ActiveCfg = Release|Any CPU
		{DA23DCE5-5A65-44AF-ACF7-F46B10D7CA0D}.Release|Any CPU.Build.0 = Release|Any CPU
		{4B5D93F6-83CF-4359-A17D-8B8C2ECDB491}.Debug|Any CPU.ActiveCfg = Debug|Any CPU
		{4B5D93F6-83CF-4359-A17D-8B8C2ECDB491}.Debug|Any CPU.Build.0 = Debug|Any CPU
		{4B5D93F6-83CF-4359-A17D-8B8C2ECDB491}.Release|Any CPU.ActiveCfg = Release|Any CPU
		{4B5D93F6-83CF-4359-A17D-8B8C2ECDB491}.Release|Any CPU.Build.0 = Release|Any CPU
	EndGlobalSection
	GlobalSection(SolutionProperties) = preSolution
		HideSolutionNode = FALSE
	EndGlobalSection
	GlobalSection(ExtensibilityGlobals) = postSolution
		SolutionGuid = {CC3410AB-22A4-41E5-AC8D-34EADEC68F11}
	EndGlobalSection
EndGlobal
